// !$*UTF8*$!
{
	archiveVersion = 1;
	classes = {
	};
	objectVersion = 46;
	objects = {

/* Begin PBXBuildFile section */
		0118DAD31906218F007CB5B2 /* TBQuadTree.m in Sources */ = {isa = PBXBuildFile; fileRef = 0118DAD21906218F007CB5B2 /* TBQuadTree.m */; };
		014B583218C908A0005BCBE2 /* Foundation.framework in Frameworks */ = {isa = PBXBuildFile; fileRef = 014B583118C908A0005BCBE2 /* Foundation.framework */; };
		014B583418C908A0005BCBE2 /* CoreGraphics.framework in Frameworks */ = {isa = PBXBuildFile; fileRef = 014B583318C908A0005BCBE2 /* CoreGraphics.framework */; };
		014B583618C908A0005BCBE2 /* UIKit.framework in Frameworks */ = {isa = PBXBuildFile; fileRef = 014B583518C908A0005BCBE2 /* UIKit.framework */; };
		014B583C18C908A0005BCBE2 /* InfoPlist.strings in Resources */ = {isa = PBXBuildFile; fileRef = 014B583A18C908A0005BCBE2 /* InfoPlist.strings */; };
		014B583E18C908A0005BCBE2 /* main.m in Sources */ = {isa = PBXBuildFile; fileRef = 014B583D18C908A0005BCBE2 /* main.m */; };
		014B584218C908A0005BCBE2 /* AppDelegate.m in Sources */ = {isa = PBXBuildFile; fileRef = 014B584118C908A0005BCBE2 /* AppDelegate.m */; };
		014B584518C908A0005BCBE2 /* Main.storyboard in Resources */ = {isa = PBXBuildFile; fileRef = 014B584318C908A0005BCBE2 /* Main.storyboard */; };
		014B584818C908A0005BCBE2 /* MapViewController.m in Sources */ = {isa = PBXBuildFile; fileRef = 014B584718C908A0005BCBE2 /* MapViewController.m */; };
		014B584D18C908A0005BCBE2 /* Images.xcassets in Resources */ = {isa = PBXBuildFile; fileRef = 014B584C18C908A0005BCBE2 /* Images.xcassets */; };
		014B585418C908A0005BCBE2 /* XCTest.framework in Frameworks */ = {isa = PBXBuildFile; fileRef = 014B585318C908A0005BCBE2 /* XCTest.framework */; };
		014B585518C908A0005BCBE2 /* Foundation.framework in Frameworks */ = {isa = PBXBuildFile; fileRef = 014B583118C908A0005BCBE2 /* Foundation.framework */; };
		014B585618C908A0005BCBE2 /* UIKit.framework in Frameworks */ = {isa = PBXBuildFile; fileRef = 014B583518C908A0005BCBE2 /* UIKit.framework */; };
		014B585E18C908A0005BCBE2 /* InfoPlist.strings in Resources */ = {isa = PBXBuildFile; fileRef = 014B585C18C908A0005BCBE2 /* InfoPlist.strings */; };
		014B586018C908A0005BCBE2 /* SafeSpotTests.m in Sources */ = {isa = PBXBuildFile; fileRef = 014B585F18C908A0005BCBE2 /* SafeSpotTests.m */; };
		0154470F1936A11400411635 /* ParkingLocation.m in Sources */ = {isa = PBXBuildFile; fileRef = 0154470E1936A11400411635 /* ParkingLocation.m */; };
		01C9060E191B79EB008FCE04 /* ParkCarViewController.m in Sources */ = {isa = PBXBuildFile; fileRef = 01C9060D191B79EB008FCE04 /* ParkCarViewController.m */; };
		01D4D7F918F64FEC0009C8AE /* MapKit.framework in Frameworks */ = {isa = PBXBuildFile; fileRef = 01D4D7F818F64FEC0009C8AE /* MapKit.framework */; };
		01D4D7FC18F66F250009C8AE /* FavoritesTableViewController.m in Sources */ = {isa = PBXBuildFile; fileRef = 01D4D7FB18F66F250009C8AE /* FavoritesTableViewController.m */; };
		01D4D7FF18F67B780009C8AE /* NearbyTableViewController.m in Sources */ = {isa = PBXBuildFile; fileRef = 01D4D7FE18F67B780009C8AE /* NearbyTableViewController.m */; };
		01E43047192D7C6E00F98042 /* AnnotationViewController.m in Sources */ = {isa = PBXBuildFile; fileRef = 01E43046192D7C6E00F98042 /* AnnotationViewController.m */; };
		01E4304A192DA5B000F98042 /* NearbyList.m in Sources */ = {isa = PBXBuildFile; fileRef = 01E43049192DA5B000F98042 /* NearbyList.m */; };
		494B3237192DB01500DAB855 /* signs.csv in Resources */ = {isa = PBXBuildFile; fileRef = 494B3236192DB01500DAB855 /* signs.csv */; };
		497A825D193EFF1B0092285A /* gray.png in Resources */ = {isa = PBXBuildFile; fileRef = 497A825C193EFF1B0092285A /* gray.png */; };
		49B68FBA19188005009A4EB5 /* TBCoordinateQuadTree.m in Sources */ = {isa = PBXBuildFile; fileRef = 49B68FB919188005009A4EB5 /* TBCoordinateQuadTree.m */; };
		49E89C7C193BF968009D68FC /* VisableAnnotationsList.m in Sources */ = {isa = PBXBuildFile; fileRef = 49E89C7B193BF968009D68FC /* VisableAnnotationsList.m */; };
		49EB725B1902490C00F7BE6A /* Restrictions.m in Sources */ = {isa = PBXBuildFile; fileRef = 49EB725A1902490C00F7BE6A /* Restrictions.m */; };
		49EB725F190377C700F7BE6A /* DebugViewController.m in Sources */ = {isa = PBXBuildFile; fileRef = 49EB725E190377C700F7BE6A /* DebugViewController.m */; };
		A5FA35AA1915B32C004C7AE0 /* DetailViewController.m in Sources */ = {isa = PBXBuildFile; fileRef = A5FA35A91915B32C004C7AE0 /* DetailViewController.m */; };
		A5FA35AD1915B6C6004C7AE0 /* RestrictionTableViewCell.m in Sources */ = {isa = PBXBuildFile; fileRef = A5FA35AC1915B6C6004C7AE0 /* RestrictionTableViewCell.m */; };
		A5FA35B01915BF3E004C7AE0 /* FavoritesList.m in Sources */ = {isa = PBXBuildFile; fileRef = A5FA35AF1915BF3E004C7AE0 /* FavoritesList.m */; };
		C08019DF190A2C4200B4EDE4 /* rows.json in Resources */ = {isa = PBXBuildFile; fileRef = C08019DE190A2C4200B4EDE4 /* rows.json */; };
/* End PBXBuildFile section */

/* Begin PBXContainerItemProxy section */
		014B585718C908A0005BCBE2 /* PBXContainerItemProxy */ = {
			isa = PBXContainerItemProxy;
			containerPortal = 014B582618C908A0005BCBE2 /* Project object */;
			proxyType = 1;
			remoteGlobalIDString = 014B582D18C908A0005BCBE2;
			remoteInfo = SafeSpot;
		};
/* End PBXContainerItemProxy section */

/* Begin PBXFileReference section */
		0118DAD11906218F007CB5B2 /* TBQuadTree.h */ = {isa = PBXFileReference; fileEncoding = 4; lastKnownFileType = sourcecode.c.h; path = TBQuadTree.h; sourceTree = "<group>"; };
		0118DAD21906218F007CB5B2 /* TBQuadTree.m */ = {isa = PBXFileReference; fileEncoding = 4; lastKnownFileType = sourcecode.c.objc; path = TBQuadTree.m; sourceTree = "<group>"; };
		014B582E18C908A0005BCBE2 /* SafeSpot.app */ = {isa = PBXFileReference; explicitFileType = wrapper.application; includeInIndex = 0; path = SafeSpot.app; sourceTree = BUILT_PRODUCTS_DIR; };
		014B583118C908A0005BCBE2 /* Foundation.framework */ = {isa = PBXFileReference; lastKnownFileType = wrapper.framework; name = Foundation.framework; path = System/Library/Frameworks/Foundation.framework; sourceTree = SDKROOT; };
		014B583318C908A0005BCBE2 /* CoreGraphics.framework */ = {isa = PBXFileReference; lastKnownFileType = wrapper.framework; name = CoreGraphics.framework; path = System/Library/Frameworks/CoreGraphics.framework; sourceTree = SDKROOT; };
		014B583518C908A0005BCBE2 /* UIKit.framework */ = {isa = PBXFileReference; lastKnownFileType = wrapper.framework; name = UIKit.framework; path = System/Library/Frameworks/UIKit.framework; sourceTree = SDKROOT; };
		014B583918C908A0005BCBE2 /* SafeSpot-Info.plist */ = {isa = PBXFileReference; lastKnownFileType = text.plist.xml; path = "SafeSpot-Info.plist"; sourceTree = "<group>"; };
		014B583B18C908A0005BCBE2 /* en */ = {isa = PBXFileReference; lastKnownFileType = text.plist.strings; name = en; path = en.lproj/InfoPlist.strings; sourceTree = "<group>"; };
		014B583D18C908A0005BCBE2 /* main.m */ = {isa = PBXFileReference; lastKnownFileType = sourcecode.c.objc; path = main.m; sourceTree = "<group>"; };
		014B583F18C908A0005BCBE2 /* SafeSpot-Prefix.pch */ = {isa = PBXFileReference; lastKnownFileType = sourcecode.c.h; path = "SafeSpot-Prefix.pch"; sourceTree = "<group>"; };
		014B584018C908A0005BCBE2 /* AppDelegate.h */ = {isa = PBXFileReference; lastKnownFileType = sourcecode.c.h; path = AppDelegate.h; sourceTree = "<group>"; };
		014B584118C908A0005BCBE2 /* AppDelegate.m */ = {isa = PBXFileReference; lastKnownFileType = sourcecode.c.objc; path = AppDelegate.m; sourceTree = "<group>"; };
		014B584418C908A0005BCBE2 /* Base */ = {isa = PBXFileReference; lastKnownFileType = file.storyboard; name = Base; path = Base.lproj/Main.storyboard; sourceTree = "<group>"; };
		014B584618C908A0005BCBE2 /* MapViewController.h */ = {isa = PBXFileReference; lastKnownFileType = sourcecode.c.h; path = MapViewController.h; sourceTree = "<group>"; };
		014B584718C908A0005BCBE2 /* MapViewController.m */ = {isa = PBXFileReference; lastKnownFileType = sourcecode.c.objc; path = MapViewController.m; sourceTree = "<group>"; };
		014B584C18C908A0005BCBE2 /* Images.xcassets */ = {isa = PBXFileReference; lastKnownFileType = folder.assetcatalog; path = Images.xcassets; sourceTree = "<group>"; };
		014B585218C908A0005BCBE2 /* SafeSpotTests.xctest */ = {isa = PBXFileReference; explicitFileType = wrapper.cfbundle; includeInIndex = 0; path = SafeSpotTests.xctest; sourceTree = BUILT_PRODUCTS_DIR; };
		014B585318C908A0005BCBE2 /* XCTest.framework */ = {isa = PBXFileReference; lastKnownFileType = wrapper.framework; name = XCTest.framework; path = Library/Frameworks/XCTest.framework; sourceTree = DEVELOPER_DIR; };
		014B585B18C908A0005BCBE2 /* SafeSpotTests-Info.plist */ = {isa = PBXFileReference; lastKnownFileType = text.plist.xml; path = "SafeSpotTests-Info.plist"; sourceTree = "<group>"; };
		014B585D18C908A0005BCBE2 /* en */ = {isa = PBXFileReference; lastKnownFileType = text.plist.strings; name = en; path = en.lproj/InfoPlist.strings; sourceTree = "<group>"; };
		014B585F18C908A0005BCBE2 /* SafeSpotTests.m */ = {isa = PBXFileReference; lastKnownFileType = sourcecode.c.objc; path = SafeSpotTests.m; sourceTree = "<group>"; };
		014B586918C90918005BCBE2 /* CoreData.framework */ = {isa = PBXFileReference; lastKnownFileType = wrapper.framework; name = CoreData.framework; path = System/Library/Frameworks/CoreData.framework; sourceTree = SDKROOT; };
		0154470D1936A11400411635 /* ParkingLocation.h */ = {isa = PBXFileReference; fileEncoding = 4; lastKnownFileType = sourcecode.c.h; path = ParkingLocation.h; sourceTree = "<group>"; };
		0154470E1936A11400411635 /* ParkingLocation.m */ = {isa = PBXFileReference; fileEncoding = 4; lastKnownFileType = sourcecode.c.objc; path = ParkingLocation.m; sourceTree = "<group>"; };
		01C9060C191B79EB008FCE04 /* ParkCarViewController.h */ = {isa = PBXFileReference; fileEncoding = 4; lastKnownFileType = sourcecode.c.h; path = ParkCarViewController.h; sourceTree = "<group>"; };
		01C9060D191B79EB008FCE04 /* ParkCarViewController.m */ = {isa = PBXFileReference; fileEncoding = 4; lastKnownFileType = sourcecode.c.objc; path = ParkCarViewController.m; sourceTree = "<group>"; };
		01D4D7F818F64FEC0009C8AE /* MapKit.framework */ = {isa = PBXFileReference; lastKnownFileType = wrapper.framework; name = MapKit.framework; path = System/Library/Frameworks/MapKit.framework; sourceTree = SDKROOT; };
		01D4D7FA18F66F250009C8AE /* FavoritesTableViewController.h */ = {isa = PBXFileReference; fileEncoding = 4; lastKnownFileType = sourcecode.c.h; path = FavoritesTableViewController.h; sourceTree = "<group>"; };
		01D4D7FB18F66F250009C8AE /* FavoritesTableViewController.m */ = {isa = PBXFileReference; fileEncoding = 4; lastKnownFileType = sourcecode.c.objc; path = FavoritesTableViewController.m; sourceTree = "<group>"; };
		01D4D7FD18F67B780009C8AE /* NearbyTableViewController.h */ = {isa = PBXFileReference; fileEncoding = 4; lastKnownFileType = sourcecode.c.h; path = NearbyTableViewController.h; sourceTree = "<group>"; };
		01D4D7FE18F67B780009C8AE /* NearbyTableViewController.m */ = {isa = PBXFileReference; fileEncoding = 4; lastKnownFileType = sourcecode.c.objc; path = NearbyTableViewController.m; sourceTree = "<group>"; };
		01E43045192D7C6E00F98042 /* AnnotationViewController.h */ = {isa = PBXFileReference; fileEncoding = 4; lastKnownFileType = sourcecode.c.h; path = AnnotationViewController.h; sourceTree = "<group>"; };
		01E43046192D7C6E00F98042 /* AnnotationViewController.m */ = {isa = PBXFileReference; fileEncoding = 4; lastKnownFileType = sourcecode.c.objc; path = AnnotationViewController.m; sourceTree = "<group>"; };
		01E43048192DA5B000F98042 /* NearbyList.h */ = {isa = PBXFileReference; fileEncoding = 4; lastKnownFileType = sourcecode.c.h; path = NearbyList.h; sourceTree = "<group>"; };
		01E43049192DA5B000F98042 /* NearbyList.m */ = {isa = PBXFileReference; fileEncoding = 4; lastKnownFileType = sourcecode.c.objc; path = NearbyList.m; sourceTree = "<group>"; };
		494B3236192DB01500DAB855 /* signs.csv */ = {isa = PBXFileReference; fileEncoding = 4; lastKnownFileType = text; name = signs.csv; path = ../SafeSpot/signs.csv; sourceTree = "<group>"; };
		497A825C193EFF1B0092285A /* gray.png */ = {isa = PBXFileReference; lastKnownFileType = image.png; path = gray.png; sourceTree = "<group>"; };
		49B68FB819188005009A4EB5 /* TBCoordinateQuadTree.h */ = {isa = PBXFileReference; fileEncoding = 4; lastKnownFileType = sourcecode.c.h; path = TBCoordinateQuadTree.h; sourceTree = "<group>"; };
		49B68FB919188005009A4EB5 /* TBCoordinateQuadTree.m */ = {isa = PBXFileReference; fileEncoding = 4; lastKnownFileType = sourcecode.c.objc; path = TBCoordinateQuadTree.m; sourceTree = "<group>"; };
		49E89C7A193BF968009D68FC /* VisableAnnotationsList.h */ = {isa = PBXFileReference; fileEncoding = 4; lastKnownFileType = sourcecode.c.h; path = VisableAnnotationsList.h; sourceTree = "<group>"; };
		49E89C7B193BF968009D68FC /* VisableAnnotationsList.m */ = {isa = PBXFileReference; fileEncoding = 4; lastKnownFileType = sourcecode.c.objc; path = VisableAnnotationsList.m; sourceTree = "<group>"; };
		49EB72591902490C00F7BE6A /* Restrictions.h */ = {isa = PBXFileReference; fileEncoding = 4; lastKnownFileType = sourcecode.c.h; path = Restrictions.h; sourceTree = "<group>"; };
		49EB725A1902490C00F7BE6A /* Restrictions.m */ = {isa = PBXFileReference; fileEncoding = 4; lastKnownFileType = sourcecode.c.objc; path = Restrictions.m; sourceTree = "<group>"; };
		49EB725D190377C700F7BE6A /* DebugViewController.h */ = {isa = PBXFileReference; fileEncoding = 4; lastKnownFileType = sourcecode.c.h; path = DebugViewController.h; sourceTree = "<group>"; };
		49EB725E190377C700F7BE6A /* DebugViewController.m */ = {isa = PBXFileReference; fileEncoding = 4; lastKnownFileType = sourcecode.c.objc; path = DebugViewController.m; sourceTree = "<group>"; };
		A5FA35A81915B32C004C7AE0 /* DetailViewController.h */ = {isa = PBXFileReference; fileEncoding = 4; lastKnownFileType = sourcecode.c.h; path = DetailViewController.h; sourceTree = "<group>"; };
		A5FA35A91915B32C004C7AE0 /* DetailViewController.m */ = {isa = PBXFileReference; fileEncoding = 4; lastKnownFileType = sourcecode.c.objc; path = DetailViewController.m; sourceTree = "<group>"; };
		A5FA35AB1915B6C6004C7AE0 /* RestrictionTableViewCell.h */ = {isa = PBXFileReference; fileEncoding = 4; lastKnownFileType = sourcecode.c.h; path = RestrictionTableViewCell.h; sourceTree = "<group>"; };
		A5FA35AC1915B6C6004C7AE0 /* RestrictionTableViewCell.m */ = {isa = PBXFileReference; fileEncoding = 4; lastKnownFileType = sourcecode.c.objc; path = RestrictionTableViewCell.m; sourceTree = "<group>"; };
		A5FA35AE1915BF3E004C7AE0 /* FavoritesList.h */ = {isa = PBXFileReference; fileEncoding = 4; lastKnownFileType = sourcecode.c.h; path = FavoritesList.h; sourceTree = "<group>"; };
		A5FA35AF1915BF3E004C7AE0 /* FavoritesList.m */ = {isa = PBXFileReference; fileEncoding = 4; lastKnownFileType = sourcecode.c.objc; path = FavoritesList.m; sourceTree = "<group>"; };
		C08019DE190A2C4200B4EDE4 /* rows.json */ = {isa = PBXFileReference; fileEncoding = 4; lastKnownFileType = text.json; path = rows.json; sourceTree = "<group>"; };
/* End PBXFileReference section */

/* Begin PBXFrameworksBuildPhase section */
		014B582B18C908A0005BCBE2 /* Frameworks */ = {
			isa = PBXFrameworksBuildPhase;
			buildActionMask = 2147483647;
			files = (
				01D4D7F918F64FEC0009C8AE /* MapKit.framework in Frameworks */,
				014B583418C908A0005BCBE2 /* CoreGraphics.framework in Frameworks */,
				014B583618C908A0005BCBE2 /* UIKit.framework in Frameworks */,
				014B583218C908A0005BCBE2 /* Foundation.framework in Frameworks */,
			);
			runOnlyForDeploymentPostprocessing = 0;
		};
		014B584F18C908A0005BCBE2 /* Frameworks */ = {
			isa = PBXFrameworksBuildPhase;
			buildActionMask = 2147483647;
			files = (
				014B585418C908A0005BCBE2 /* XCTest.framework in Frameworks */,
				014B585618C908A0005BCBE2 /* UIKit.framework in Frameworks */,
				014B585518C908A0005BCBE2 /* Foundation.framework in Frameworks */,
			);
			runOnlyForDeploymentPostprocessing = 0;
		};
/* End PBXFrameworksBuildPhase section */

/* Begin PBXGroup section */
		014B582518C908A0005BCBE2 = {
			isa = PBXGroup;
			children = (
				014B583718C908A0005BCBE2 /* SafeSpot */,
				014B585918C908A0005BCBE2 /* SafeSpotTests */,
				014B583018C908A0005BCBE2 /* Frameworks */,
				014B582F18C908A0005BCBE2 /* Products */,
			);
			sourceTree = "<group>";
		};
		014B582F18C908A0005BCBE2 /* Products */ = {
			isa = PBXGroup;
			children = (
				014B582E18C908A0005BCBE2 /* SafeSpot.app */,
				014B585218C908A0005BCBE2 /* SafeSpotTests.xctest */,
			);
			name = Products;
			sourceTree = "<group>";
		};
		014B583018C908A0005BCBE2 /* Frameworks */ = {
			isa = PBXGroup;
			children = (
				01D4D7F818F64FEC0009C8AE /* MapKit.framework */,
				014B586918C90918005BCBE2 /* CoreData.framework */,
				014B583118C908A0005BCBE2 /* Foundation.framework */,
				014B583318C908A0005BCBE2 /* CoreGraphics.framework */,
				014B583518C908A0005BCBE2 /* UIKit.framework */,
				014B585318C908A0005BCBE2 /* XCTest.framework */,
			);
			name = Frameworks;
			sourceTree = "<group>";
		};
		014B583718C908A0005BCBE2 /* SafeSpot */ = {
			isa = PBXGroup;
			children = (
				49EB725C19024DE000F7BE6A /* Model */,
				014B586B18C9096C005BCBE2 /* User Interface */,
				014B584C18C908A0005BCBE2 /* Images.xcassets */,
				014B583818C908A0005BCBE2 /* Supporting Files */,
			);
			path = SafeSpot;
			sourceTree = "<group>";
		};
		014B583818C908A0005BCBE2 /* Supporting Files */ = {
			isa = PBXGroup;
			children = (
				497A825C193EFF1B0092285A /* gray.png */,
				C08019DE190A2C4200B4EDE4 /* rows.json */,
				014B583918C908A0005BCBE2 /* SafeSpot-Info.plist */,
				014B583A18C908A0005BCBE2 /* InfoPlist.strings */,
				014B583D18C908A0005BCBE2 /* main.m */,
				014B583F18C908A0005BCBE2 /* SafeSpot-Prefix.pch */,
			);
			name = "Supporting Files";
			sourceTree = "<group>";
		};
		014B585918C908A0005BCBE2 /* SafeSpotTests */ = {
			isa = PBXGroup;
			children = (
				014B585F18C908A0005BCBE2 /* SafeSpotTests.m */,
				014B585A18C908A0005BCBE2 /* Supporting Files */,
			);
			path = SafeSpotTests;
			sourceTree = "<group>";
		};
		014B585A18C908A0005BCBE2 /* Supporting Files */ = {
			isa = PBXGroup;
			children = (
				494B3236192DB01500DAB855 /* signs.csv */,
				014B585B18C908A0005BCBE2 /* SafeSpotTests-Info.plist */,
				014B585C18C908A0005BCBE2 /* InfoPlist.strings */,
			);
			name = "Supporting Files";
			sourceTree = "<group>";
		};
		014B586B18C9096C005BCBE2 /* User Interface */ = {
			isa = PBXGroup;
			children = (
				014B584318C908A0005BCBE2 /* Main.storyboard */,
				01E43045192D7C6E00F98042 /* AnnotationViewController.h */,
				01E43046192D7C6E00F98042 /* AnnotationViewController.m */,
				A5FA35AB1915B6C6004C7AE0 /* RestrictionTableViewCell.h */,
				A5FA35AC1915B6C6004C7AE0 /* RestrictionTableViewCell.m */,
				49EB725D190377C700F7BE6A /* DebugViewController.h */,
				49EB725E190377C700F7BE6A /* DebugViewController.m */,
				01D4D7FA18F66F250009C8AE /* FavoritesTableViewController.h */,
				01D4D7FB18F66F250009C8AE /* FavoritesTableViewController.m */,
				A5FA35A81915B32C004C7AE0 /* DetailViewController.h */,
				A5FA35A91915B32C004C7AE0 /* DetailViewController.m */,
				014B584618C908A0005BCBE2 /* MapViewController.h */,
				014B584718C908A0005BCBE2 /* MapViewController.m */,
				01D4D7FD18F67B780009C8AE /* NearbyTableViewController.h */,
				01D4D7FE18F67B780009C8AE /* NearbyTableViewController.m */,
				01C9060C191B79EB008FCE04 /* ParkCarViewController.h */,
				01C9060D191B79EB008FCE04 /* ParkCarViewController.m */,
			);
			name = "User Interface";
			sourceTree = "<group>";
		};
		49EB725C19024DE000F7BE6A /* Model */ = {
			isa = PBXGroup;
			children = (
				014B584018C908A0005BCBE2 /* AppDelegate.h */,
				014B584118C908A0005BCBE2 /* AppDelegate.m */,
				A5FA35AE1915BF3E004C7AE0 /* FavoritesList.h */,
				A5FA35AF1915BF3E004C7AE0 /* FavoritesList.m */,
				01E43048192DA5B000F98042 /* NearbyList.h */,
				01E43049192DA5B000F98042 /* NearbyList.m */,
				49E89C7A193BF968009D68FC /* VisableAnnotationsList.h */,
				49E89C7B193BF968009D68FC /* VisableAnnotationsList.m */,
				0154470D1936A11400411635 /* ParkingLocation.h */,
				0154470E1936A11400411635 /* ParkingLocation.m */,
				49EB72591902490C00F7BE6A /* Restrictions.h */,
				49EB725A1902490C00F7BE6A /* Restrictions.m */,
				0118DAD11906218F007CB5B2 /* TBQuadTree.h */,
				0118DAD21906218F007CB5B2 /* TBQuadTree.m */,
				49B68FB819188005009A4EB5 /* TBCoordinateQuadTree.h */,
				49B68FB919188005009A4EB5 /* TBCoordinateQuadTree.m */,
			);
			name = Model;
			sourceTree = "<group>";
		};
/* End PBXGroup section */

/* Begin PBXNativeTarget section */
		014B582D18C908A0005BCBE2 /* SafeSpot */ = {
			isa = PBXNativeTarget;
			buildConfigurationList = 014B586318C908A0005BCBE2 /* Build configuration list for PBXNativeTarget "SafeSpot" */;
			buildPhases = (
				014B582A18C908A0005BCBE2 /* Sources */,
				014B582B18C908A0005BCBE2 /* Frameworks */,
				014B582C18C908A0005BCBE2 /* Resources */,
			);
			buildRules = (
			);
			dependencies = (
			);
			name = SafeSpot;
			productName = SafeSpot;
			productReference = 014B582E18C908A0005BCBE2 /* SafeSpot.app */;
			productType = "com.apple.product-type.application";
		};
		014B585118C908A0005BCBE2 /* SafeSpotTests */ = {
			isa = PBXNativeTarget;
			buildConfigurationList = 014B586618C908A0005BCBE2 /* Build configuration list for PBXNativeTarget "SafeSpotTests" */;
			buildPhases = (
				014B584E18C908A0005BCBE2 /* Sources */,
				014B584F18C908A0005BCBE2 /* Frameworks */,
				014B585018C908A0005BCBE2 /* Resources */,
			);
			buildRules = (
			);
			dependencies = (
				014B585818C908A0005BCBE2 /* PBXTargetDependency */,
			);
			name = SafeSpotTests;
			productName = SafeSpotTests;
			productReference = 014B585218C908A0005BCBE2 /* SafeSpotTests.xctest */;
			productType = "com.apple.product-type.bundle.unit-test";
		};
/* End PBXNativeTarget section */

/* Begin PBXProject section */
		014B582618C908A0005BCBE2 /* Project object */ = {
			isa = PBXProject;
			attributes = {
				LastUpgradeCheck = 0510;
				ORGANIZATIONNAME = "2.5 Asian Dudes";
				TargetAttributes = {
					014B585118C908A0005BCBE2 = {
						TestTargetID = 014B582D18C908A0005BCBE2;
					};
				};
			};
			buildConfigurationList = 014B582918C908A0005BCBE2 /* Build configuration list for PBXProject "SafeSpot" */;
			compatibilityVersion = "Xcode 3.2";
			developmentRegion = English;
			hasScannedForEncodings = 0;
			knownRegions = (
				en,
				Base,
			);
			mainGroup = 014B582518C908A0005BCBE2;
			productRefGroup = 014B582F18C908A0005BCBE2 /* Products */;
			projectDirPath = "";
			projectRoot = "";
			targets = (
				014B582D18C908A0005BCBE2 /* SafeSpot */,
				014B585118C908A0005BCBE2 /* SafeSpotTests */,
			);
		};
/* End PBXProject section */

/* Begin PBXResourcesBuildPhase section */
		014B582C18C908A0005BCBE2 /* Resources */ = {
			isa = PBXResourcesBuildPhase;
			buildActionMask = 2147483647;
			files = (
				C08019DF190A2C4200B4EDE4 /* rows.json in Resources */,
				014B584D18C908A0005BCBE2 /* Images.xcassets in Resources */,
				497A825D193EFF1B0092285A /* gray.png in Resources */,
				014B583C18C908A0005BCBE2 /* InfoPlist.strings in Resources */,
				494B3237192DB01500DAB855 /* signs.csv in Resources */,
				014B584518C908A0005BCBE2 /* Main.storyboard in Resources */,
			);
			runOnlyForDeploymentPostprocessing = 0;
		};
		014B585018C908A0005BCBE2 /* Resources */ = {
			isa = PBXResourcesBuildPhase;
			buildActionMask = 2147483647;
			files = (
				014B585E18C908A0005BCBE2 /* InfoPlist.strings in Resources */,
			);
			runOnlyForDeploymentPostprocessing = 0;
		};
/* End PBXResourcesBuildPhase section */

/* Begin PBXSourcesBuildPhase section */
		014B582A18C908A0005BCBE2 /* Sources */ = {
			isa = PBXSourcesBuildPhase;
			buildActionMask = 2147483647;
			files = (
				01E4304A192DA5B000F98042 /* NearbyList.m in Sources */,
				0154470F1936A11400411635 /* ParkingLocation.m in Sources */,
				49E89C7C193BF968009D68FC /* VisableAnnotationsList.m in Sources */,
				01D4D7FF18F67B780009C8AE /* NearbyTableViewController.m in Sources */,
				01C9060E191B79EB008FCE04 /* ParkCarViewController.m in Sources */,
				49EB725B1902490C00F7BE6A /* Restrictions.m in Sources */,
				014B584218C908A0005BCBE2 /* AppDelegate.m in Sources */,
				A5FA35AD1915B6C6004C7AE0 /* RestrictionTableViewCell.m in Sources */,
				49B68FBA19188005009A4EB5 /* TBCoordinateQuadTree.m in Sources */,
				01D4D7FC18F66F250009C8AE /* FavoritesTableViewController.m in Sources */,
				01E43047192D7C6E00F98042 /* AnnotationViewController.m in Sources */,
				A5FA35AA1915B32C004C7AE0 /* DetailViewController.m in Sources */,
				014B584818C908A0005BCBE2 /* MapViewController.m in Sources */,
				014B583E18C908A0005BCBE2 /* main.m in Sources */,
				A5FA35B01915BF3E004C7AE0 /* FavoritesList.m in Sources */,
				0118DAD31906218F007CB5B2 /* TBQuadTree.m in Sources */,
				49EB725F190377C700F7BE6A /* DebugViewController.m in Sources */,
			);
			runOnlyForDeploymentPostprocessing = 0;
		};
		014B584E18C908A0005BCBE2 /* Sources */ = {
			isa = PBXSourcesBuildPhase;
			buildActionMask = 2147483647;
			files = (
				014B586018C908A0005BCBE2 /* SafeSpotTests.m in Sources */,
			);
			runOnlyForDeploymentPostprocessing = 0;
		};
/* End PBXSourcesBuildPhase section */

/* Begin PBXTargetDependency section */
		014B585818C908A0005BCBE2 /* PBXTargetDependency */ = {
			isa = PBXTargetDependency;
			target = 014B582D18C908A0005BCBE2 /* SafeSpot */;
			targetProxy = 014B585718C908A0005BCBE2 /* PBXContainerItemProxy */;
		};
/* End PBXTargetDependency section */

/* Begin PBXVariantGroup section */
		014B583A18C908A0005BCBE2 /* InfoPlist.strings */ = {
			isa = PBXVariantGroup;
			children = (
				014B583B18C908A0005BCBE2 /* en */,
			);
			name = InfoPlist.strings;
			sourceTree = "<group>";
		};
		014B584318C908A0005BCBE2 /* Main.storyboard */ = {
			isa = PBXVariantGroup;
			children = (
				014B584418C908A0005BCBE2 /* Base */,
			);
			name = Main.storyboard;
			sourceTree = "<group>";
		};
		014B585C18C908A0005BCBE2 /* InfoPlist.strings */ = {
			isa = PBXVariantGroup;
			children = (
				014B585D18C908A0005BCBE2 /* en */,
			);
			name = InfoPlist.strings;
			sourceTree = "<group>";
		};
/* End PBXVariantGroup section */

/* Begin XCBuildConfiguration section */
		014B586118C908A0005BCBE2 /* Debug */ = {
			isa = XCBuildConfiguration;
			buildSettings = {
				ALWAYS_SEARCH_USER_PATHS = NO;
				CLANG_CXX_LANGUAGE_STANDARD = "gnu++0x";
				CLANG_CXX_LIBRARY = "libc++";
				CLANG_ENABLE_MODULES = YES;
				CLANG_ENABLE_OBJC_ARC = YES;
				CLANG_WARN_BOOL_CONVERSION = YES;
				CLANG_WARN_CONSTANT_CONVERSION = YES;
				CLANG_WARN_DIRECT_OBJC_ISA_USAGE = YES_ERROR;
				CLANG_WARN_EMPTY_BODY = YES;
				CLANG_WARN_ENUM_CONVERSION = YES;
				CLANG_WARN_INT_CONVERSION = YES;
				CLANG_WARN_OBJC_ROOT_CLASS = YES_ERROR;
				CLANG_WARN__DUPLICATE_METHOD_MATCH = YES;
				"CODE_SIGN_IDENTITY[sdk=iphoneos*]" = "iPhone Developer";
				COPY_PHASE_STRIP = NO;
				GCC_C_LANGUAGE_STANDARD = gnu99;
				GCC_DYNAMIC_NO_PIC = NO;
				GCC_OPTIMIZATION_LEVEL = 0;
				GCC_PREPROCESSOR_DEFINITIONS = (
					"DEBUG=1",
					"$(inherited)",
				);
				GCC_SYMBOLS_PRIVATE_EXTERN = NO;
				GCC_WARN_64_TO_32_BIT_CONVERSION = YES;
				GCC_WARN_ABOUT_RETURN_TYPE = YES_ERROR;
				GCC_WARN_UNDECLARED_SELECTOR = YES;
				GCC_WARN_UNINITIALIZED_AUTOS = YES;
				GCC_WARN_UNUSED_FUNCTION = YES;
				GCC_WARN_UNUSED_VARIABLE = YES;
				IPHONEOS_DEPLOYMENT_TARGET = 7.0;
				ONLY_ACTIVE_ARCH = YES;
				SDKROOT = iphoneos;
			};
			name = Debug;
		};
		014B586218C908A0005BCBE2 /* Release */ = {
			isa = XCBuildConfiguration;
			buildSettings = {
				ALWAYS_SEARCH_USER_PATHS = NO;
				CLANG_CXX_LANGUAGE_STANDARD = "gnu++0x";
				CLANG_CXX_LIBRARY = "libc++";
				CLANG_ENABLE_MODULES = YES;
				CLANG_ENABLE_OBJC_ARC = YES;
				CLANG_WARN_BOOL_CONVERSION = YES;
				CLANG_WARN_CONSTANT_CONVERSION = YES;
				CLANG_WARN_DIRECT_OBJC_ISA_USAGE = YES_ERROR;
				CLANG_WARN_EMPTY_BODY = YES;
				CLANG_WARN_ENUM_CONVERSION = YES;
				CLANG_WARN_INT_CONVERSION = YES;
				CLANG_WARN_OBJC_ROOT_CLASS = YES_ERROR;
				CLANG_WARN__DUPLICATE_METHOD_MATCH = YES;
				"CODE_SIGN_IDENTITY[sdk=iphoneos*]" = "iPhone Developer";
				COPY_PHASE_STRIP = YES;
				ENABLE_NS_ASSERTIONS = NO;
				GCC_C_LANGUAGE_STANDARD = gnu99;
				GCC_WARN_64_TO_32_BIT_CONVERSION = YES;
				GCC_WARN_ABOUT_RETURN_TYPE = YES_ERROR;
				GCC_WARN_UNDECLARED_SELECTOR = YES;
				GCC_WARN_UNINITIALIZED_AUTOS = YES;
				GCC_WARN_UNUSED_FUNCTION = YES;
				GCC_WARN_UNUSED_VARIABLE = YES;
				IPHONEOS_DEPLOYMENT_TARGET = 7.0;
				SDKROOT = iphoneos;
				VALIDATE_PRODUCT = YES;
			};
			name = Release;
		};
		014B586418C908A0005BCBE2 /* Debug */ = {
			isa = XCBuildConfiguration;
			buildSettings = {
				ASSETCATALOG_COMPILER_APPICON_NAME = AppIcon;
				ASSETCATALOG_COMPILER_LAUNCHIMAGE_NAME = LaunchImage;
				GCC_PRECOMPILE_PREFIX_HEADER = YES;
				GCC_PREFIX_HEADER = "SafeSpot/SafeSpot-Prefix.pch";
				INFOPLIST_FILE = "SafeSpot/SafeSpot-Info.plist";
				PRODUCT_NAME = "$(TARGET_NAME)";
				WRAPPER_EXTENSION = app;
			};
			name = Debug;
		};
		014B586518C908A0005BCBE2 /* Release */ = {
			isa = XCBuildConfiguration;
			buildSettings = {
				ASSETCATALOG_COMPILER_APPICON_NAME = AppIcon;
				ASSETCATALOG_COMPILER_LAUNCHIMAGE_NAME = LaunchImage;
				GCC_PRECOMPILE_PREFIX_HEADER = YES;
				GCC_PREFIX_HEADER = "SafeSpot/SafeSpot-Prefix.pch";
				INFOPLIST_FILE = "SafeSpot/SafeSpot-Info.plist";
				PRODUCT_NAME = "$(TARGET_NAME)";
				WRAPPER_EXTENSION = app;
			};
			name = Release;
		};
		014B586718C908A0005BCBE2 /* Debug */ = {
			isa = XCBuildConfiguration;
			buildSettings = {
				BUNDLE_LOADER = "$(BUILT_PRODUCTS_DIR)/SafeSpot.app/SafeSpot";
				FRAMEWORK_SEARCH_PATHS = (
					"$(SDKROOT)/Developer/Library/Frameworks",
					"$(inherited)",
					"$(DEVELOPER_FRAMEWORKS_DIR)",
				);
				GCC_PRECOMPILE_PREFIX_HEADER = YES;
				GCC_PREFIX_HEADER = "SafeSpot/SafeSpot-Prefix.pch";
				GCC_PREPROCESSOR_DEFINITIONS = (
					"DEBUG=1",
					"$(inherited)",
				);
				INFOPLIST_FILE = "SafeSpotTests/SafeSpotTests-Info.plist";
				PRODUCT_NAME = "$(TARGET_NAME)";
				TEST_HOST = "$(BUNDLE_LOADER)";
				WRAPPER_EXTENSION = xctest;
			};
			name = Debug;
		};
		014B586818C908A0005BCBE2 /* Release */ = {
			isa = XCBuildConfiguration;
			buildSettings = {
				BUNDLE_LOADER = "$(BUILT_PRODUCTS_DIR)/SafeSpot.app/SafeSpot";
				FRAMEWORK_SEARCH_PATHS = (
					"$(SDKROOT)/Developer/Library/Frameworks",
					"$(inherited)",
					"$(DEVELOPER_FRAMEWORKS_DIR)",
				);
				GCC_PRECOMPILE_PREFIX_HEADER = YES;
				GCC_PREFIX_HEADER = "SafeSpot/SafeSpot-Prefix.pch";
				INFOPLIST_FILE = "SafeSpotTests/SafeSpotTests-Info.plist";
				PRODUCT_NAME = "$(TARGET_NAME)";
				TEST_HOST = "$(BUNDLE_LOADER)";
				WRAPPER_EXTENSION = xctest;
			};
			name = Release;
		};
/* End XCBuildConfiguration section */

/* Begin XCConfigurationList section */
		014B582918C908A0005BCBE2 /* Build configuration list for PBXProject "SafeSpot" */ = {
			isa = XCConfigurationList;
			buildConfigurations = (
				014B586118C908A0005BCBE2 /* Debug */,
				014B586218C908A0005BCBE2 /* Release */,
			);
			defaultConfigurationIsVisible = 0;
			defaultConfigurationName = Release;
		};
		014B586318C908A0005BCBE2 /* Build configuration list for PBXNativeTarget "SafeSpot" */ = {
			isa = XCConfigurationList;
			buildConfigurations = (
				014B586418C908A0005BCBE2 /* Debug */,
				014B586518C908A0005BCBE2 /* Release */,
			);
			defaultConfigurationIsVisible = 0;
			defaultConfigurationName = Release;
		};
		014B586618C908A0005BCBE2 /* Build configuration list for PBXNativeTarget "SafeSpotTests" */ = {
			isa = XCConfigurationList;
			buildConfigurations = (
				014B586718C908A0005BCBE2 /* Debug */,
				014B586818C908A0005BCBE2 /* Release */,
			);
			defaultConfigurationIsVisible = 0;
			defaultConfigurationName = Release;
		};
/* End XCConfigurationList section */
	};
	rootObject = 014B582618C908A0005BCBE2 /* Project object */;
}
